
Microsoft Visual Studio Solution File, Format Version 12.00
# Visual Studio Version 16
VisualStudioVersion = 16.0.29709.97
MinimumVisualStudioVersion = 10.0.40219.1
Project("{9A19103F-16F7-4668-BE54-9A1E7A4F7556}") = "PracticaDos", "PracticaDos.csproj", "{E7664780-0B4D-4383-B73B-948C711EC46C}"
EndProject
Project("{2150E333-8FDC-42A3-9474-1A3956D46DE8}") = "Solution Items", "Solution Items", "{8E6D2FC8-7BB6-42E0-99DF-4EF0E5F6F7C9}"
	ProjectSection(SolutionItems) = preProject
		.editorconfig = .editorconfig
	EndProjectSection
EndProject
Global
	GlobalSection(SolutionConfigurationPlatforms) = preSolution
		Debug|Any CPU = Debug|Any CPU
		Release|Any CPU = Release|Any CPU
	EndGlobalSection
	GlobalSection(ProjectConfigurationPlatforms) = postSolution
		{E7664780-0B4D-4383-B73B-948C711EC46C}.Debug|Any CPU.ActiveCfg = Debug|Any CPU
		{E7664780-0B4D-4383-B73B-948C711EC46C}.Debug|Any CPU.Build.0 = Debug|Any CPU
		{E7664780-0B4D-4383-B73B-948C711EC46C}.Release|Any CPU.ActiveCfg = Release|Any CPU
		{E7664780-0B4D-4383-B73B-948C711EC46C}.Release|Any CPU.Build.0 = Release|Any CPU
	EndGlobalSection
	GlobalSection(SolutionProperties) = preSolution
		HideSolutionNode = FALSE
	EndGlobalSection
	GlobalSection(ExtensibilityGlobals) = postSolution
		SolutionGuid = {377578D0-6A6C-40F4-869F-4D3F738CD0B8}
	EndGlobalSection
EndGlobal
